# This file is generated by running "yarn install" inside your project.
# Manual changes might be lost - proceed with caution!

__metadata:
  version: 8
  cacheKey: 10c0

"argparse@npm:^2.0.1":
  version: 2.0.1
  resolution: "argparse@npm:2.0.1"
  checksum: 10c0/c5640c2d89045371c7cedd6a70212a04e360fd34d6edeae32f6952c63949e3525ea77dbec0289d8213a99bbaeab5abfa860b5c12cf88a2e6cf8106e90dd27a7e
  languageName: node
  linkType: hard

"boolbase@npm:^1.0.0":
  version: 1.0.0
  resolution: "boolbase@npm:1.0.0"
  checksum: 10c0/e4b53deb4f2b85c52be0e21a273f2045c7b6a6ea002b0e139c744cb6f95e9ec044439a52883b0d74dedd1ff3da55ed140cfdddfed7fb0cccbed373de5dce1bcf
  languageName: node
  linkType: hard

"cheerio-select@npm:^2.1.0":
  version: 2.1.0
  resolution: "cheerio-select@npm:2.1.0"
  dependencies:
    boolbase: "npm:^1.0.0"
    css-select: "npm:^5.1.0"
    css-what: "npm:^6.1.0"
    domelementtype: "npm:^2.3.0"
    domhandler: "npm:^5.0.3"
    domutils: "npm:^3.0.1"
  checksum: 10c0/2242097e593919dba4aacb97d7b8275def8b9ec70b00aa1f43335456870cfc9e284eae2080bdc832ed232dabb9eefcf56c722d152da4a154813fb8814a55d282
  languageName: node
  linkType: hard

"cheerio@npm:^1.0.0":
  version: 1.0.0
  resolution: "cheerio@npm:1.0.0"
  dependencies:
    cheerio-select: "npm:^2.1.0"
    dom-serializer: "npm:^2.0.0"
    domhandler: "npm:^5.0.3"
    domutils: "npm:^3.1.0"
    encoding-sniffer: "npm:^0.2.0"
    htmlparser2: "npm:^9.1.0"
    parse5: "npm:^7.1.2"
    parse5-htmlparser2-tree-adapter: "npm:^7.0.0"
    parse5-parser-stream: "npm:^7.1.2"
    undici: "npm:^6.19.5"
    whatwg-mimetype: "npm:^4.0.0"
  checksum: 10c0/d0e16925d9c36c879edfaef1c0244c866375a4c7b8d6ccd7ae0ad42da7d26263ea1a3c17b9a1aa5965918deeff2d40ac2e7223824f8e6eca972df3b81316a09f
  languageName: node
  linkType: hard

"codex-generator@workspace:.":
  version: 0.0.0-use.local
  resolution: "codex-generator@workspace:."
  dependencies:
    cheerio: "npm:^1.0.0"
    markdown-it: "npm:^14.1.0"
    node-fetch: "npm:^3.3.2"
  languageName: unknown
  linkType: soft

"css-select@npm:^5.1.0":
  version: 5.1.0
  resolution: "css-select@npm:5.1.0"
  dependencies:
    boolbase: "npm:^1.0.0"
    css-what: "npm:^6.1.0"
    domhandler: "npm:^5.0.2"
    domutils: "npm:^3.0.1"
    nth-check: "npm:^2.0.1"
  checksum: 10c0/551c60dba5b54054741032c1793b5734f6ba45e23ae9e82761a3c0ed1acbb8cfedfa443aaba3a3c1a54cac12b456d2012a09d2cd5f0e82e430454c1b9d84d500
  languageName: node
  linkType: hard

"css-what@npm:^6.1.0":
  version: 6.1.0
  resolution: "css-what@npm:6.1.0"
  checksum: 10c0/a09f5a6b14ba8dcf57ae9a59474722e80f20406c53a61e9aedb0eedc693b135113ffe2983f4efc4b5065ae639442e9ae88df24941ef159c218b231011d733746
  languageName: node
  linkType: hard

"data-uri-to-buffer@npm:^4.0.0":
  version: 4.0.1
  resolution: "data-uri-to-buffer@npm:4.0.1"
  checksum: 10c0/20a6b93107597530d71d4cb285acee17f66bcdfc03fd81040921a81252f19db27588d87fc8fc69e1950c55cfb0bf8ae40d0e5e21d907230813eb5d5a7f9eb45b
  languageName: node
  linkType: hard

"dom-serializer@npm:^2.0.0":
  version: 2.0.0
  resolution: "dom-serializer@npm:2.0.0"
  dependencies:
    domelementtype: "npm:^2.3.0"
    domhandler: "npm:^5.0.2"
    entities: "npm:^4.2.0"
  checksum: 10c0/d5ae2b7110ca3746b3643d3ef60ef823f5f078667baf530cec096433f1627ec4b6fa8c072f09d079d7cda915fd2c7bc1b7b935681e9b09e591e1e15f4040b8e2
  languageName: node
  linkType: hard

"domelementtype@npm:^2.3.0":
  version: 2.3.0
  resolution: "domelementtype@npm:2.3.0"
  checksum: 10c0/686f5a9ef0fff078c1412c05db73a0dce096190036f33e400a07e2a4518e9f56b1e324f5c576a0a747ef0e75b5d985c040b0d51945ce780c0dd3c625a18cd8c9
  languageName: node
  linkType: hard

"domhandler@npm:^5.0.2, domhandler@npm:^5.0.3":
  version: 5.0.3
  resolution: "domhandler@npm:5.0.3"
  dependencies:
    domelementtype: "npm:^2.3.0"
  checksum: 10c0/bba1e5932b3e196ad6862286d76adc89a0dbf0c773e5ced1eb01f9af930c50093a084eff14b8de5ea60b895c56a04d5de8bbc4930c5543d029091916770b2d2a
  languageName: node
  linkType: hard

"domutils@npm:^3.0.1, domutils@npm:^3.1.0":
  version: 3.2.2
  resolution: "domutils@npm:3.2.2"
  dependencies:
    dom-serializer: "npm:^2.0.0"
    domelementtype: "npm:^2.3.0"
    domhandler: "npm:^5.0.3"
  checksum: 10c0/47938f473b987ea71cd59e59626eb8666d3aa8feba5266e45527f3b636c7883cca7e582d901531961f742c519d7514636b7973353b648762b2e3bedbf235fada
  languageName: node
  linkType: hard

"encoding-sniffer@npm:^0.2.0":
  version: 0.2.0
  resolution: "encoding-sniffer@npm:0.2.0"
  dependencies:
    iconv-lite: "npm:^0.6.3"
    whatwg-encoding: "npm:^3.1.1"
  checksum: 10c0/b312e0d67f339bec44e021e5210ee8ee90d7b8f9975eb2c79a36fd467eb07709e88dcf62ee20f62ee0d74a13874307d99557852a2de9b448f1e3fb991fc68257
  languageName: node
  linkType: hard

"entities@npm:^4.2.0, entities@npm:^4.4.0, entities@npm:^4.5.0":
  version: 4.5.0
  resolution: "entities@npm:4.5.0"
  checksum: 10c0/5b039739f7621f5d1ad996715e53d964035f75ad3b9a4d38c6b3804bb226e282ffeae2443624d8fdd9c47d8e926ae9ac009c54671243f0c3294c26af7cc85250
  languageName: node
  linkType: hard

"entities@npm:^6.0.0":
  version: 6.0.0
  resolution: "entities@npm:6.0.0"
  checksum: 10c0/b82a7bd5de282860f3c36a91e815e41e874fd036c83956a568b82729678492eb088359d6f7e0a4f5c00776427263fcba04959b8340fefa430c39b9bce770427e
  languageName: node
  linkType: hard

"fetch-blob@npm:^3.1.2, fetch-blob@npm:^3.1.4":
  version: 3.2.0
  resolution: "fetch-blob@npm:3.2.0"
  dependencies:
    node-domexception: "npm:^1.0.0"
    web-streams-polyfill: "npm:^3.0.3"
  checksum: 10c0/60054bf47bfa10fb0ba6cb7742acec2f37c1f56344f79a70bb8b1c48d77675927c720ff3191fa546410a0442c998d27ab05e9144c32d530d8a52fbe68f843b69
  languageName: node
  linkType: hard

"formdata-polyfill@npm:^4.0.10":
  version: 4.0.10
  resolution: "formdata-polyfill@npm:4.0.10"
  dependencies:
    fetch-blob: "npm:^3.1.2"
  checksum: 10c0/5392ec484f9ce0d5e0d52fb5a78e7486637d516179b0eb84d81389d7eccf9ca2f663079da56f761355c0a65792810e3b345dc24db9a8bbbcf24ef3c8c88570c6
  languageName: node
  linkType: hard

"htmlparser2@npm:^9.1.0":
  version: 9.1.0
  resolution: "htmlparser2@npm:9.1.0"
  dependencies:
    domelementtype: "npm:^2.3.0"
    domhandler: "npm:^5.0.3"
    domutils: "npm:^3.1.0"
    entities: "npm:^4.5.0"
  checksum: 10c0/394f6323efc265bbc791d8c0d96bfe95984e0407565248521ab92e2dc7668e5ceeca7bc6ed18d408b9ee3b25032c5743368a4280d280332d782821d5d467ad8f
  languageName: node
  linkType: hard

"iconv-lite@npm:0.6.3, iconv-lite@npm:^0.6.3":
  version: 0.6.3
  resolution: "iconv-lite@npm:0.6.3"
  dependencies:
    safer-buffer: "npm:>= 2.1.2 < 3.0.0"
  checksum: 10c0/98102bc66b33fcf5ac044099d1257ba0b7ad5e3ccd3221f34dd508ab4070edff183276221684e1e0555b145fce0850c9f7d2b60a9fcac50fbb4ea0d6e845a3b1
  languageName: node
  linkType: hard

"linkify-it@npm:^5.0.0":
  version: 5.0.0
  resolution: "linkify-it@npm:5.0.0"
  dependencies:
    uc.micro: "npm:^2.0.0"
  checksum: 10c0/ff4abbcdfa2003472fc3eb4b8e60905ec97718e11e33cca52059919a4c80cc0e0c2a14d23e23d8c00e5402bc5a885cdba8ca053a11483ab3cc8b3c7a52f88e2d
  languageName: node
  linkType: hard

"markdown-it@npm:^14.1.0":
  version: 14.1.0
  resolution: "markdown-it@npm:14.1.0"
  dependencies:
    argparse: "npm:^2.0.1"
    entities: "npm:^4.4.0"
    linkify-it: "npm:^5.0.0"
    mdurl: "npm:^2.0.0"
    punycode.js: "npm:^2.3.1"
    uc.micro: "npm:^2.1.0"
  bin:
    markdown-it: bin/markdown-it.mjs
  checksum: 10c0/9a6bb444181d2db7016a4173ae56a95a62c84d4cbfb6916a399b11d3e6581bf1cc2e4e1d07a2f022ae72c25f56db90fbe1e529fca16fbf9541659dc53480d4b4
  languageName: node
  linkType: hard

"mdurl@npm:^2.0.0":
  version: 2.0.0
  resolution: "mdurl@npm:2.0.0"
  checksum: 10c0/633db522272f75ce4788440669137c77540d74a83e9015666a9557a152c02e245b192edc20bc90ae953bbab727503994a53b236b4d9c99bdaee594d0e7dd2ce0
  languageName: node
  linkType: hard

"node-domexception@npm:^1.0.0":
  version: 1.0.0
  resolution: "node-domexception@npm:1.0.0"
  checksum: 10c0/5e5d63cda29856402df9472335af4bb13875e1927ad3be861dc5ebde38917aecbf9ae337923777af52a48c426b70148815e890a5d72760f1b4d758cc671b1a2b
  languageName: node
  linkType: hard

"node-fetch@npm:^3.3.2":
  version: 3.3.2
  resolution: "node-fetch@npm:3.3.2"
  dependencies:
    data-uri-to-buffer: "npm:^4.0.0"
    fetch-blob: "npm:^3.1.4"
    formdata-polyfill: "npm:^4.0.10"
  checksum: 10c0/f3d5e56190562221398c9f5750198b34cf6113aa304e34ee97c94fd300ec578b25b2c2906edba922050fce983338fde0d5d34fcb0fc3336ade5bd0e429ad7538
  languageName: node
  linkType: hard

"nth-check@npm:^2.0.1":
  version: 2.1.1
  resolution: "nth-check@npm:2.1.1"
  dependencies:
    boolbase: "npm:^1.0.0"
  checksum: 10c0/5fee7ff309727763689cfad844d979aedd2204a817fbaaf0e1603794a7c20db28548d7b024692f953557df6ce4a0ee4ae46cd8ebd9b36cfb300b9226b567c479
  languageName: node
  linkType: hard

"parse5-htmlparser2-tree-adapter@npm:^7.0.0":
  version: 7.1.0
  resolution: "parse5-htmlparser2-tree-adapter@npm:7.1.0"
  dependencies:
    domhandler: "npm:^5.0.3"
    parse5: "npm:^7.0.0"
  checksum: 10c0/e5a4e0b834c84c9e244b5749f8d007f4baaeafac7a1da2c54be3421ffd9ef8fdec4f198bf55cda22e88e6ba95e9943f6ed5aa3ae5900b39972ebf5dc8c3f4722
  languageName: node
  linkType: hard

"parse5-parser-stream@npm:^7.1.2":
  version: 7.1.2
  resolution: "parse5-parser-stream@npm:7.1.2"
  dependencies:
    parse5: "npm:^7.0.0"
  checksum: 10c0/e236c61000d38ecad369e725a48506b051cebad8abb00e6d4e8bff7aa85c183820fcb45db1559cc90955bdbbdbd665ea94c41259594e74566fff411478dc7fcb
  languageName: node
  linkType: hard

"parse5@npm:^7.0.0, parse5@npm:^7.1.2":
  version: 7.3.0
  resolution: "parse5@npm:7.3.0"
  dependencies:
    entities: "npm:^6.0.0"
  checksum: 10c0/7fd2e4e247e85241d6f2a464d0085eed599a26d7b0a5233790c49f53473232eb85350e8133344d9b3fd58b89339e7ad7270fe1f89d28abe50674ec97b87f80b5
  languageName: node
  linkType: hard

"punycode.js@npm:^2.3.1":
  version: 2.3.1
  resolution: "punycode.js@npm:2.3.1"
  checksum: 10c0/1d12c1c0e06127fa5db56bd7fdf698daf9a78104456a6b67326877afc21feaa821257b171539caedd2f0524027fa38e67b13dd094159c8d70b6d26d2bea4dfdb
  languageName: node
  linkType: hard

"safer-buffer@npm:>= 2.1.2 < 3.0.0":
  version: 2.1.2
  resolution: "safer-buffer@npm:2.1.2"
  checksum: 10c0/7e3c8b2e88a1841c9671094bbaeebd94448111dd90a81a1f606f3f67708a6ec57763b3b47f06da09fc6054193e0e6709e77325415dc8422b04497a8070fa02d4
  languageName: node
  linkType: hard

"uc.micro@npm:^2.0.0, uc.micro@npm:^2.1.0":
  version: 2.1.0
  resolution: "uc.micro@npm:2.1.0"
  checksum: 10c0/8862eddb412dda76f15db8ad1c640ccc2f47cdf8252a4a30be908d535602c8d33f9855dfcccb8b8837855c1ce1eaa563f7fa7ebe3c98fd0794351aab9b9c55fa
  languageName: node
  linkType: hard

"undici@npm:^6.19.5":
  version: 6.21.3
  resolution: "undici@npm:6.21.3"
  checksum: 10c0/294da109853fad7a6ef5a172ad0ca3fb3f1f60cf34703d062a5ec967daf69ad8c03b52e6d536c5cba3bb65615769bf08e5b30798915cbccdddaca01045173dda
  languageName: node
  linkType: hard

"web-streams-polyfill@npm:^3.0.3":
  version: 3.3.3
  resolution: "web-streams-polyfill@npm:3.3.3"
  checksum: 10c0/64e855c47f6c8330b5436147db1c75cb7e7474d924166800e8e2aab5eb6c76aac4981a84261dd2982b3e754490900b99791c80ae1407a9fa0dcff74f82ea3a7f
  languageName: node
  linkType: hard

"whatwg-encoding@npm:^3.1.1":
  version: 3.1.1
  resolution: "whatwg-encoding@npm:3.1.1"
  dependencies:
    iconv-lite: "npm:0.6.3"
  checksum: 10c0/273b5f441c2f7fda3368a496c3009edbaa5e43b71b09728f90425e7f487e5cef9eb2b846a31bd760dd8077739c26faf6b5ca43a5f24033172b003b72cf61a93e
  languageName: node
  linkType: hard

"whatwg-mimetype@npm:^4.0.0":
  version: 4.0.0
  resolution: "whatwg-mimetype@npm:4.0.0"
  checksum: 10c0/a773cdc8126b514d790bdae7052e8bf242970cebd84af62fb2f35a33411e78e981f6c0ab9ed1fe6ec5071b09d5340ac9178e05b52d35a9c4bcf558ba1b1551df
  languageName: node
  linkType: hard
